
Microsoft Visual Studio Solution File, Format Version 12.00
# Visual Studio 2013
VisualStudioVersion = 12.0.31101.0
MinimumVisualStudioVersion = 10.0.40219.1
Project("{8BC9CEB8-8B4A-11D0-8D11-00A0C91BC942}") = "QUICK_SORT", "QUICK_SORT\QUICK_SORT.vcxproj", "{2BD09922-0D1E-4F46-8E90-591DC591939F}"
EndProject
Global
	GlobalSection(SolutionConfigurationPlatforms) = preSolution
		Debug|Win32 = Debug|Win32
		Release|Win32 = Release|Win32
	EndGlobalSection
	GlobalSection(ProjectConfigurationPlatforms) = postSolution
		{2BD09922-0D1E-4F46-8E90-591DC591939F}.Debug|Win32.ActiveCfg = Debug|Win32
		{2BD09922-0D1E-4F46-8E90-591DC591939F}.Debug|Win32.Build.0 = Debug|Win32
		{2BD09922-0D1E-4F46-8E90-591DC591939F}.Release|Win32.ActiveCfg = Release|Win32
		{2BD09922-0D1E-4F46-8E90-591DC591939F}.Release|Win32.Build.0 = Release|Win32
	EndGlobalSection
	GlobalSection(SolutionProperties) = preSolution
		HideSolutionNode = FALSE
	EndGlobalSection
EndGlobal
